
Microsoft Visual Studio Solution File, Format Version 12.00
# Visual Studio Express 2013 for Windows Desktop
VisualStudioVersion = 12.0.30723.0
MinimumVisualStudioVersion = 10.0.40219.1
Project("{8BC9CEB8-8B4A-11D0-8D11-00A0C91BC942}") = "2.21", "2.21\2.21.vcxproj", "{370C92C8-64D3-403D-A20B-660728C68A78}"
EndProject
Project("{8BC9CEB8-8B4A-11D0-8D11-00A0C91BC942}") = "2.23", "5.23\5.23.vcxproj", "{CFF7FB35-4538-4568-974A-77BD0BCFCB57}"
EndProject
Project("{8BC9CEB8-8B4A-11D0-8D11-00A0C91BC942}") = "2.24", "2.24\2.24.vcxproj", "{076776AF-B3CE-406E-AF45-4E8FD1C0422F}"
EndProject
Project("{8BC9CEB8-8B4A-11D0-8D11-00A0C91BC942}") = "2.25", "2.25\2.25.vcxproj", "{6F984946-281E-420C-BA80-F72EF11F6B74}"
EndProject
Global
	GlobalSection(SolutionConfigurationPlatforms) = preSolution
		Debug|Win32 = Debug|Win32
		Release|Win32 = Release|Win32
	EndGlobalSection
	GlobalSection(ProjectConfigurationPlatforms) = postSolution
		{370C92C8-64D3-403D-A20B-660728C68A78}.Debug|Win32.ActiveCfg = Debug|Win32
		{370C92C8-64D3-403D-A20B-660728C68A78}.Debug|Win32.Build.0 = Debug|Win32
		{370C92C8-64D3-403D-A20B-660728C68A78}.Release|Win32.ActiveCfg = Release|Win32
		{370C92C8-64D3-403D-A20B-660728C68A78}.Release|Win32.Build.0 = Release|Win32
		{CFF7FB35-4538-4568-974A-77BD0BCFCB57}.Debug|Win32.ActiveCfg = Debug|Win32
		{CFF7FB35-4538-4568-974A-77BD0BCFCB57}.Debug|Win32.Build.0 = Debug|Win32
		{CFF7FB35-4538-4568-974A-77BD0BCFCB57}.Release|Win32.ActiveCfg = Release|Win32
		{CFF7FB35-4538-4568-974A-77BD0BCFCB57}.Release|Win32.Build.0 = Release|Win32
		{076776AF-B3CE-406E-AF45-4E8FD1C0422F}.Debug|Win32.ActiveCfg = Debug|Win32
		{076776AF-B3CE-406E-AF45-4E8FD1C0422F}.Debug|Win32.Build.0 = Debug|Win32
		{076776AF-B3CE-406E-AF45-4E8FD1C0422F}.Release|Win32.ActiveCfg = Release|Win32
		{076776AF-B3CE-406E-AF45-4E8FD1C0422F}.Release|Win32.Build.0 = Release|Win32
		{6F984946-281E-420C-BA80-F72EF11F6B74}.Debug|Win32.ActiveCfg = Debug|Win32
		{6F984946-281E-420C-BA80-F72EF11F6B74}.Debug|Win32.Build.0 = Debug|Win32
		{6F984946-281E-420C-BA80-F72EF11F6B74}.Release|Win32.ActiveCfg = Release|Win32
		{6F984946-281E-420C-BA80-F72EF11F6B74}.Release|Win32.Build.0 = Release|Win32
	EndGlobalSection
	GlobalSection(SolutionProperties) = preSolution
		HideSolutionNode = FALSE
	EndGlobalSection
EndGlobal
